{"filter":false,"title":"composer.lock","tooltip":"/todoapp/composer.lock","undoManager":{"mark":-1,"position":-1,"stack":[]},"ace":{"folds":[],"scrolltop":0,"scrollleft":0,"selection":{"start":{"row":0,"column":0},"end":{"row":0,"column":0},"isBackwards":false},"options":{"guessTabSize":true,"useWrapMode":false,"wrapToView":true},"firstLineState":0},"timestamp":1589182301765,"hash":"924b87c839b94ce77ebcc168f1c0107eca2d6d44"}